// !$*UTF8*$!
{
	archiveVersion = 1;
	classes = {
	};
	objectVersion = 50;
	objects = {

/* Begin PBXBuildFile section */
		CC66AE142121D7D400C5220D /* AppDelegate.swift in Sources */ = {isa = PBXBuildFile; fileRef = CC66AE132121D7D400C5220D /* AppDelegate.swift */; };
		CC66AE162121D7D400C5220D /* ViewController.swift in Sources */ = {isa = PBXBuildFile; fileRef = CC66AE152121D7D400C5220D /* ViewController.swift */; };
		CC66AE192121D7D400C5220D /* Main.storyboard in Resources */ = {isa = PBXBuildFile; fileRef = CC66AE172121D7D400C5220D /* Main.storyboard */; };
		CC66AE1B2121D7D500C5220D /* Assets.xcassets in Resources */ = {isa = PBXBuildFile; fileRef = CC66AE1A2121D7D500C5220D /* Assets.xcassets */; };
		CC66AE1E2121D7D500C5220D /* LaunchScreen.storyboard in Resources */ = {isa = PBXBuildFile; fileRef = CC66AE1C2121D7D500C5220D /* LaunchScreen.storyboard */; };
		CC66AE262121D7E600C5220D /* LocationService.swift in Sources */ = {isa = PBXBuildFile; fileRef = CC66AE252121D7E600C5220D /* LocationService.swift */; };
/* End PBXBuildFile section */

/* Begin PBXFileReference section */
		CC66AE102121D7D400C5220D /* LocationClass.app */ = {isa = PBXFileReference; explicitFileType = wrapper.application; includeInIndex = 0; path = LocationClass.app; sourceTree = BUILT_PRODUCTS_DIR; };
		CC66AE132121D7D400C5220D /* AppDelegate.swift */ = {isa = PBXFileReference; lastKnownFileType = sourcecode.swift; path = AppDelegate.swift; sourceTree = "<group>"; };
		CC66AE152121D7D400C5220D /* ViewController.swift */ = {isa = PBXFileReference; lastKnownFileType = sourcecode.swift; path = ViewController.swift; sourceTree = "<group>"; };
		CC66AE182121D7D400C5220D /* Base */ = {isa = PBXFileReference; lastKnownFileType = file.storyboard; name = Base; path = Base.lproj/Main.storyboard; sourceTree = "<group>"; };
		CC66AE1A2121D7D500C5220D /* Assets.xcassets */ = {isa = PBXFileReference; lastKnownFileType = folder.assetcatalog; path = Assets.xcassets; sourceTree = "<group>"; };
		CC66AE1D2121D7D500C5220D /* Base */ = {isa = PBXFileReference; lastKnownFileType = file.storyboard; name = Base; path = Base.lproj/LaunchScreen.storyboard; sourceTree = "<group>"; };
		CC66AE1F2121D7D500C5220D /* Info.plist */ = {isa = PBXFileReference; lastKnownFileType = text.plist.xml; path = Info.plist; sourceTree = "<group>"; };
		CC66AE252121D7E600C5220D /* LocationService.swift */ = {isa = PBXFileReference; lastKnownFileType = sourcecode.swift; path = LocationService.swift; sourceTree = "<group>"; };
/* End PBXFileReference section */

/* Begin PBXFrameworksBuildPhase section */
		CC66AE0D2121D7D400C5220D /* Frameworks */ = {
			isa = PBXFrameworksBuildPhase;
			buildActionMask = 2147483647;
			files = (
			);
			runOnlyForDeploymentPostprocessing = 0;
		};
/* End PBXFrameworksBuildPhase section */

/* Begin PBXGroup section */
		CC66AE072121D7D400C5220D = {
			isa = PBXGroup;
			children = (
				CC66AE122121D7D400C5220D /* LocationClass */,
				CC66AE112121D7D400C5220D /* Products */,
			);
			sourceTree = "<group>";
		};
		CC66AE112121D7D400C5220D /* Products */ = {
			isa = PBXGroup;
			children = (
				CC66AE102121D7D400C5220D /* LocationClass.app */,
			);
			name = Products;
			sourceTree = "<group>";
		};
		CC66AE122121D7D400C5220D /* LocationClass */ = {
			isa = PBXGroup;
			children = (
				CC66AE132121D7D400C5220D /* AppDelegate.swift */,
				CC66AE252121D7E600C5220D /* LocationService.swift */,
				CC66AE152121D7D400C5220D /* ViewController.swift */,
				CC66AE172121D7D400C5220D /* Main.storyboard */,
				CC66AE1A2121D7D500C5220D /* Assets.xcassets */,
				CC66AE1C2121D7D500C5220D /* LaunchScreen.storyboard */,
				CC66AE1F2121D7D500C5220D /* Info.plist */,
			);
			path = LocationClass;
			sourceTree = "<group>";
		};
/* End PBXGroup section */

/* Begin PBXNativeTarget section */
		CC66AE0F2121D7D400C5220D /* LocationClass */ = {
			isa = PBXNativeTarget;
			buildConfigurationList = CC66AE222121D7D500C5220D /* Build configuration list for PBXNativeTarget "LocationClass" */;
			buildPhases = (
				CC66AE0C2121D7D400C5220D /* Sources */,
				CC66AE0D2121D7D400C5220D /* Frameworks */,
				CC66AE0E2121D7D400C5220D /* Resources */,
			);
			buildRules = (
			);
			dependencies = (
			);
			name = LocationClass;
			productName = LocationClass;
			productReference = CC66AE102121D7D400C5220D /* LocationClass.app */;
			productType = "com.apple.product-type.application";
		};
/* End PBXNativeTarget section */

/* Begin PBXProject section */
		CC66AE082121D7D400C5220D /* Project object */ = {
			isa = PBXProject;
			attributes = {
				LastSwiftUpdateCheck = 0940;
				LastUpgradeCheck = 0940;
				ORGANIZATIONNAME = BeHere;
				TargetAttributes = {
					CC66AE0F2121D7D400C5220D = {
						CreatedOnToolsVersion = 9.4.1;
					};
				};
			};
			buildConfigurationList = CC66AE0B2121D7D400C5220D /* Build configuration list for PBXProject "LocationClass" */;
			compatibilityVersion = "Xcode 9.3";
			developmentRegion = en;
			hasScannedForEncodings = 0;
			knownRegions = (
				en,
				Base,
			);
			mainGroup = CC66AE072121D7D400C5220D;
			productRefGroup = CC66AE112121D7D400C5220D /* Products */;
			projectDirPath = "";
			projectRoot = "";
			targets = (
				CC66AE0F2121D7D400C5220D /* LocationClass */,
			);
		};
/* End PBXProject section */

/* Begin PBXResourcesBuildPhase section */
		CC66AE0E2121D7D400C5220D /* Resources */ = {
			isa = PBXResourcesBuildPhase;
			buildActionMask = 2147483647;
			files = (
				CC66AE1E2121D7D500C5220D /* LaunchScreen.storyboard in Resources */,
				CC66AE1B2121D7D500C5220D /* Assets.xcassets in Resources */,
				CC66AE192121D7D400C5220D /* Main.storyboard in Resources */,
			);
			runOnlyForDeploymentPostprocessing = 0;
		};
/* End PBXResourcesBuildPhase section */

/* Begin PBXSourcesBuildPhase section */
		CC66AE0C2121D7D400C5220D /* Sources */ = {
			isa = PBXSourcesBuildPhase;
			buildActionMask = 2147483647;
			files = (
				CC66AE162121D7D400C5220D /* ViewController.swift in Sources */,
				CC66AE262121D7E600C5220D /* LocationService.swift in Sources */,
				CC66AE142121D7D400C5220D /* AppDelegate.swift in Sources */,
			);
			runOnlyForDeploymentPostprocessing = 0;
		};
/* End PBXSourcesBuildPhase section */

/* Begin PBXVariantGroup section */
		CC66AE172121D7D400C5220D /* Main.storyboard */ = {
			isa = PBXVariantGroup;
			children = (
				CC66AE182121D7D400C5220D /* Base */,
			);
			name = Main.storyboard;
			sourceTree = "<group>";
		};
		CC66AE1C2121D7D500C5220D /* LaunchScreen.storyboard */ = {
			isa = PBXVariantGroup;
			children = (
				CC66AE1D2121D7D500C5220D /* Base */,
			);
			name = LaunchScreen.storyboard;
			sourceTree = "<group>";
		};
/* End PBXVariantGroup section */

/* Begin XCBuildConfiguration section */
		CC66AE202121D7D500C5220D /* Debug */ = {
			isa = XCBuildConfiguration;
			buildSettings = {
				ALWAYS_SEARCH_USER_PATHS = NO;
				CLANG_ANALYZER_NONNULL = YES;
				CLANG_ANALYZER_NUMBER_OBJECT_CONVERSION = YES_AGGRESSIVE;
				CLANG_CXX_LANGUAGE_STANDARD = "gnu++14";
				CLANG_CXX_LIBRARY = "libc++";
				CLANG_ENABLE_MODULES = YES;
				CLANG_ENABLE_OBJC_ARC = YES;
				CLANG_ENABLE_OBJC_WEAK = YES;
				CLANG_WARN_BLOCK_CAPTURE_AUTORELEASING = YES;
				CLANG_WARN_BOOL_CONVERSION = YES;
				CLANG_WARN_COMMA = YES;
				CLANG_WARN_CONSTANT_CONVERSION = YES;
				CLANG_WARN_DEPRECATED_OBJC_IMPLEMENTATIONS = YES;
				CLANG_WARN_DIRECT_OBJC_ISA_USAGE = YES_ERROR;
				CLANG_WARN_DOCUMENTATION_COMMENTS = YES;
				CLANG_WARN_EMPTY_BODY = YES;
				CLANG_WARN_ENUM_CONVERSION = YES;
				CLANG_WARN_INFINITE_RECURSION = YES;
				CLANG_WARN_INT_CONVERSION = YES;
				CLANG_WARN_NON_LITERAL_NULL_CONVERSION = YES;
				CLANG_WARN_OBJC_IMPLICIT_RETAIN_SELF = YES;
				CLANG_WARN_OBJC_LITERAL_CONVERSION = YES;
				CLANG_WARN_OBJC_ROOT_CLASS = YES_ERROR;
				CLANG_WARN_RANGE_LOOP_ANALYSIS = YES;
				CLANG_WARN_STRICT_PROTOTYPES = YES;
				CLANG_WARN_SUSPICIOUS_MOVE = YES;
				CLANG_WARN_UNGUARDED_AVAILABILITY = YES_AGGRESSIVE;
				CLANG_WARN_UNREACHABLE_CODE = YES;
				CLANG_WARN__DUPLICATE_METHOD_MATCH = YES;
				CODE_SIGN_IDENTITY = "iPhone Developer";
				COPY_PHASE_STRIP = NO;
				DEBUG_INFORMATION_FORMAT = dwarf;
				ENABLE_STRICT_OBJC_MSGSEND = YES;
				ENABLE_TESTABILITY = YES;
				GCC_C_LANGUAGE_STANDARD = gnu11;
				GCC_DYNAMIC_NO_PIC = NO;
				GCC_NO_COMMON_BLOCKS = YES;
				GCC_OPTIMIZATION_LEVEL = 0;
				GCC_PREPROCESSOR_DEFINITIONS = (
					"DEBUG=1",
					"$(inherited)",
				);
				GCC_WARN_64_TO_32_BIT_CONVERSION = YES;
				GCC_WARN_ABOUT_RETURN_TYPE = YES_ERROR;
				GCC_WARN_UNDECLARED_SELECTOR = YES;
				GCC_WARN_UNINITIALIZED_AUTOS = YES_AGGRESSIVE;
				GCC_WARN_UNUSED_FUNCTION = YES;
				GCC_WARN_UNUSED_VARIABLE = YES;
				IPHONEOS_DEPLOYMENT_TARGET = 11.4;
				MTL_ENABLE_DEBUG_INFO = YES;
				ONLY_ACTIVE_ARCH = YES;
				SDKROOT = iphoneos;
				SWIFT_ACTIVE_COMPILATION_CONDITIONS = DEBUG;
				SWIFT_OPTIMIZATION_LEVEL = "-Onone";
			};
			name = Debug;
		};
		CC66AE212121D7D500C5220D /* Release */ = {
			isa = XCBuildConfiguration;
			buildSettings = {
				ALWAYS_SEARCH_USER_PATHS = NO;
				CLANG_ANALYZER_NONNULL = YES;
				CLANG_ANALYZER_NUMBER_OBJECT_CONVERSION = YES_AGGRESSIVE;
				CLANG_CXX_LANGUAGE_STANDARD = "gnu++14";
				CLANG_CXX_LIBRARY = "libc++";
				CLANG_ENABLE_MODULES = YES;
				CLANG_ENABLE_OBJC_ARC = YES;
				CLANG_ENABLE_OBJC_WEAK = YES;
				CLANG_WARN_BLOCK_CAPTURE_AUTORELEASING = YES;
				CLANG_WARN_BOOL_CONVERSION = YES;
				CLANG_WARN_COMMA = YES;
				CLANG_WARN_CONSTANT_CONVERSION = YES;
				CLANG_WARN_DEPRECATED_OBJC_IMPLEMENTATIONS = YES;
				CLANG_WARN_DIRECT_OBJC_ISA_USAGE = YES_ERROR;
				CLANG_WARN_DOCUMENTATION_COMMENTS = YES;
				CLANG_WARN_EMPTY_BODY = YES;
				CLANG_WARN_ENUM_CONVERSION = YES;
				CLANG_WARN_INFINITE_RECURSION = YES;
				CLANG_WARN_INT_CONVERSION = YES;
				CLANG_WARN_NON_LITERAL_NULL_CONVERSION = YES;
				CLANG_WARN_OBJC_IMPLICIT_RETAIN_SELF = YES;
				CLANG_WARN_OBJC_LITERAL_CONVERSION = YES;
				CLANG_WARN_OBJC_ROOT_CLASS = YES_ERROR;
				CLANG_WARN_RANGE_LOOP_ANALYSIS = YES;
				CLANG_WARN_STRICT_PROTOTYPES = YES;
				CLANG_WARN_SUSPICIOUS_MOVE = YES;
				CLANG_WARN_UNGUARDED_AVAILABILITY = YES_AGGRESSIVE;
				CLANG_WARN_UNREACHABLE_CODE = YES;
				CLANG_WARN__DUPLICATE_METHOD_MATCH = YES;
				CODE_SIGN_IDENTITY = "iPhone Developer";
				COPY_PHASE_STRIP = NO;
				DEBUG_INFORMATION_FORMAT = "dwarf-with-dsym";
				ENABLE_NS_ASSERTIONS = NO;
				ENABLE_STRICT_OBJC_MSGSEND = YES;
				GCC_C_LANGUAGE_STANDARD = gnu11;
				GCC_NO_COMMON_BLOCKS = YES;
				GCC_WARN_64_TO_32_BIT_CONVERSION = YES;
				GCC_WARN_ABOUT_RETURN_TYPE = YES_ERROR;
				GCC_WARN_UNDECLARED_SELECTOR = YES;
				GCC_WARN_UNINITIALIZED_AUTOS = YES_AGGRESSIVE;
				GCC_WARN_UNUSED_FUNCTION = YES;
				GCC_WARN_UNUSED_VARIABLE = YES;
				IPHONEOS_DEPLOYMENT_TARGET = 11.4;
				MTL_ENABLE_DEBUG_INFO = NO;
				SDKROOT = iphoneos;
				SWIFT_COMPILATION_MODE = wholemodule;
				SWIFT_OPTIMIZATION_LEVEL = "-O";
				VALIDATE_PRODUCT = YES;
			};
			name = Release;
		};
		CC66AE232121D7D500C5220D /* Debug */ = {
			isa = XCBuildConfiguration;
			buildSettings = {
				ASSETCATALOG_COMPILER_APPICON_NAME = AppIcon;
				CODE_SIGN_STYLE = Automatic;
				DEVELOPMENT_TEAM = F37TC6TS67;
				INFOPLIST_FILE = LocationClass/Info.plist;
				LD_RUNPATH_SEARCH_PATHS = (
					"$(inherited)",
					"@executable_path/Frameworks",
				);
				PRODUCT_BUNDLE_IDENTIFIER = REQ003.LocationClass;
				PRODUCT_NAME = "$(TARGET_NAME)";
				SWIFT_VERSION = 4.0;
				TARGETED_DEVICE_FAMILY = "1,2";
			};
			name = Debug;
		};
		CC66AE242121D7D500C5220D /* Release */ = {
			isa = XCBuildConfiguration;
			buildSettings = {
				ASSETCATALOG_COMPILER_APPICON_NAME = AppIcon;
				CODE_SIGN_STYLE = Automatic;
				DEVELOPMENT_TEAM = F37TC6TS67;
				INFOPLIST_FILE = LocationClass/Info.plist;
				LD_RUNPATH_SEARCH_PATHS = (
					"$(inherited)",
					"@executable_path/Frameworks",
				);
				PRODUCT_BUNDLE_IDENTIFIER = REQ003.LocationClass;
				PRODUCT_NAME = "$(TARGET_NAME)";
				SWIFT_VERSION = 4.0;
				TARGETED_DEVICE_FAMILY = "1,2";
			};
			name = Release;
		};
/* End XCBuildConfiguration section */

/* Begin XCConfigurationList section */
		CC66AE0B2121D7D400C5220D /* Build configuration list for PBXProject "LocationClass" */ = {
			isa = XCConfigurationList;
			buildConfigurations = (
				CC66AE202121D7D500C5220D /* Debug */,
				CC66AE212121D7D500C5220D /* Release */,
			);
			defaultConfigurationIsVisible = 0;
			defaultConfigurationName = Release;
		};
		CC66AE222121D7D500C5220D /* Build configuration list for PBXNativeTarget "LocationClass" */ = {
			isa = XCConfigurationList;
			buildConfigurations = (
				CC66AE232121D7D500C5220D /* Debug */,
				CC66AE242121D7D500C5220D /* Release */,
			);
			defaultConfigurationIsVisible = 0;
			defaultConfigurationName = Release;
		};
/* End XCConfigurationList section */
	};
	rootObject = CC66AE082121D7D400C5220D /* Project object */;
}
