// !$*UTF8*$!
{
	archiveVersion = 1;
	classes = {
	};
	objectVersion = 50;
	objects = {

/* Begin PBXBuildFile section */
		2950E2AF21082EE60097891A /* AppDelegate.swift in Sources */ = {isa = PBXBuildFile; fileRef = 2950E2AE21082EE60097891A /* AppDelegate.swift */; };
		2950E2B121082EE60097891A /* ViewController.swift in Sources */ = {isa = PBXBuildFile; fileRef = 2950E2B021082EE60097891A /* ViewController.swift */; };
		2950E2B421082EE60097891A /* Main.storyboard in Resources */ = {isa = PBXBuildFile; fileRef = 2950E2B221082EE60097891A /* Main.storyboard */; };
		2950E2B621082EE70097891A /* Assets.xcassets in Resources */ = {isa = PBXBuildFile; fileRef = 2950E2B521082EE70097891A /* Assets.xcassets */; };
		2950E2B921082EE70097891A /* LaunchScreen.storyboard in Resources */ = {isa = PBXBuildFile; fileRef = 2950E2B721082EE70097891A /* LaunchScreen.storyboard */; };
		299CD308210830840078A269 /* factorial.swift in Sources */ = {isa = PBXBuildFile; fileRef = 299CD307210830840078A269 /* factorial.swift */; };
		AF819EF78F3B4627ADD3DF11 /* Pods_factorial.framework in Frameworks */ = {isa = PBXBuildFile; fileRef = D3380138458A24D79F676525 /* Pods_factorial.framework */; };
/* End PBXBuildFile section */

/* Begin PBXFileReference section */
		2950E2AB21082EE60097891A /* factorial.app */ = {isa = PBXFileReference; explicitFileType = wrapper.application; includeInIndex = 0; path = factorial.app; sourceTree = BUILT_PRODUCTS_DIR; };
		2950E2AE21082EE60097891A /* AppDelegate.swift */ = {isa = PBXFileReference; lastKnownFileType = sourcecode.swift; path = AppDelegate.swift; sourceTree = "<group>"; };
		2950E2B021082EE60097891A /* ViewController.swift */ = {isa = PBXFileReference; lastKnownFileType = sourcecode.swift; path = ViewController.swift; sourceTree = "<group>"; };
		2950E2B321082EE60097891A /* Base */ = {isa = PBXFileReference; lastKnownFileType = file.storyboard; name = Base; path = Base.lproj/Main.storyboard; sourceTree = "<group>"; };
		2950E2B521082EE70097891A /* Assets.xcassets */ = {isa = PBXFileReference; lastKnownFileType = folder.assetcatalog; path = Assets.xcassets; sourceTree = "<group>"; };
		2950E2B821082EE70097891A /* Base */ = {isa = PBXFileReference; lastKnownFileType = file.storyboard; name = Base; path = Base.lproj/LaunchScreen.storyboard; sourceTree = "<group>"; };
		2950E2BA21082EE70097891A /* Info.plist */ = {isa = PBXFileReference; lastKnownFileType = text.plist.xml; path = Info.plist; sourceTree = "<group>"; };
		299CD307210830840078A269 /* factorial.swift */ = {isa = PBXFileReference; lastKnownFileType = sourcecode.swift; path = factorial.swift; sourceTree = "<group>"; };
		7C09C0CCF1881B6809777A1C /* Pods-factorial.debug.xcconfig */ = {isa = PBXFileReference; includeInIndex = 1; lastKnownFileType = text.xcconfig; name = "Pods-factorial.debug.xcconfig"; path = "Pods/Target Support Files/Pods-factorial/Pods-factorial.debug.xcconfig"; sourceTree = "<group>"; };
		9B1AB9BBA48B2FC889906D4B /* Pods-factorial.release.xcconfig */ = {isa = PBXFileReference; includeInIndex = 1; lastKnownFileType = text.xcconfig; name = "Pods-factorial.release.xcconfig"; path = "Pods/Target Support Files/Pods-factorial/Pods-factorial.release.xcconfig"; sourceTree = "<group>"; };
		D3380138458A24D79F676525 /* Pods_factorial.framework */ = {isa = PBXFileReference; explicitFileType = wrapper.framework; includeInIndex = 0; path = Pods_factorial.framework; sourceTree = BUILT_PRODUCTS_DIR; };
/* End PBXFileReference section */

/* Begin PBXFrameworksBuildPhase section */
		2950E2A821082EE60097891A /* Frameworks */ = {
			isa = PBXFrameworksBuildPhase;
			buildActionMask = 2147483647;
			files = (
				AF819EF78F3B4627ADD3DF11 /* Pods_factorial.framework in Frameworks */,
			);
			runOnlyForDeploymentPostprocessing = 0;
		};
/* End PBXFrameworksBuildPhase section */

/* Begin PBXGroup section */
		2950E2A221082EE60097891A = {
			isa = PBXGroup;
			children = (
				2950E2AD21082EE60097891A /* factorial */,
				2950E2AC21082EE60097891A /* Products */,
				9304FB2825D708B1101FC08B /* Pods */,
				DCF6174CFDE174AD98C0CA61 /* Frameworks */,
			);
			sourceTree = "<group>";
		};
		2950E2AC21082EE60097891A /* Products */ = {
			isa = PBXGroup;
			children = (
				2950E2AB21082EE60097891A /* factorial.app */,
			);
			name = Products;
			sourceTree = "<group>";
		};
		2950E2AD21082EE60097891A /* factorial */ = {
			isa = PBXGroup;
			children = (
				2950E2AE21082EE60097891A /* AppDelegate.swift */,
				2950E2B021082EE60097891A /* ViewController.swift */,
				299CD307210830840078A269 /* factorial.swift */,
				2950E2B221082EE60097891A /* Main.storyboard */,
				2950E2B521082EE70097891A /* Assets.xcassets */,
				2950E2B721082EE70097891A /* LaunchScreen.storyboard */,
				2950E2BA21082EE70097891A /* Info.plist */,
			);
			path = factorial;
			sourceTree = "<group>";
		};
		9304FB2825D708B1101FC08B /* Pods */ = {
			isa = PBXGroup;
			children = (
				7C09C0CCF1881B6809777A1C /* Pods-factorial.debug.xcconfig */,
				9B1AB9BBA48B2FC889906D4B /* Pods-factorial.release.xcconfig */,
			);
			name = Pods;
			sourceTree = "<group>";
		};
		DCF6174CFDE174AD98C0CA61 /* Frameworks */ = {
			isa = PBXGroup;
			children = (
				D3380138458A24D79F676525 /* Pods_factorial.framework */,
			);
			name = Frameworks;
			sourceTree = "<group>";
		};
/* End PBXGroup section */

/* Begin PBXNativeTarget section */
		2950E2AA21082EE60097891A /* factorial */ = {
			isa = PBXNativeTarget;
			buildConfigurationList = 2950E2BD21082EE70097891A /* Build configuration list for PBXNativeTarget "factorial" */;
			buildPhases = (
				2864C02B25C43E92B0331C68 /* [CP] Check Pods Manifest.lock */,
				2950E2A721082EE60097891A /* Sources */,
				2950E2A821082EE60097891A /* Frameworks */,
				2950E2A921082EE60097891A /* Resources */,
				F57DEF2762817B07146CFD37 /* [CP] Embed Pods Frameworks */,
				B37ED35E6CDA552697492F55 /* [CP] Copy Pods Resources */,
			);
			buildRules = (
			);
			dependencies = (
			);
			name = factorial;
			productName = factorial;
			productReference = 2950E2AB21082EE60097891A /* factorial.app */;
			productType = "com.apple.product-type.application";
		};
/* End PBXNativeTarget section */

/* Begin PBXProject section */
		2950E2A321082EE60097891A /* Project object */ = {
			isa = PBXProject;
			attributes = {
				LastSwiftUpdateCheck = 0940;
				LastUpgradeCheck = 0940;
				ORGANIZATIONNAME = beHere;
				TargetAttributes = {
					2950E2AA21082EE60097891A = {
						CreatedOnToolsVersion = 9.4.1;
					};
				};
			};
			buildConfigurationList = 2950E2A621082EE60097891A /* Build configuration list for PBXProject "factorial" */;
			compatibilityVersion = "Xcode 9.3";
			developmentRegion = en;
			hasScannedForEncodings = 0;
			knownRegions = (
				en,
				Base,
			);
			mainGroup = 2950E2A221082EE60097891A;
			productRefGroup = 2950E2AC21082EE60097891A /* Products */;
			projectDirPath = "";
			projectRoot = "";
			targets = (
				2950E2AA21082EE60097891A /* factorial */,
			);
		};
/* End PBXProject section */

/* Begin PBXResourcesBuildPhase section */
		2950E2A921082EE60097891A /* Resources */ = {
			isa = PBXResourcesBuildPhase;
			buildActionMask = 2147483647;
			files = (
				2950E2B921082EE70097891A /* LaunchScreen.storyboard in Resources */,
				2950E2B621082EE70097891A /* Assets.xcassets in Resources */,
				2950E2B421082EE60097891A /* Main.storyboard in Resources */,
			);
			runOnlyForDeploymentPostprocessing = 0;
		};
/* End PBXResourcesBuildPhase section */

/* Begin PBXShellScriptBuildPhase section */
		2864C02B25C43E92B0331C68 /* [CP] Check Pods Manifest.lock */ = {
			isa = PBXShellScriptBuildPhase;
			buildActionMask = 2147483647;
			files = (
			);
			inputPaths = (
				"${PODS_PODFILE_DIR_PATH}/Podfile.lock",
				"${PODS_ROOT}/Manifest.lock",
			);
			name = "[CP] Check Pods Manifest.lock";
			outputPaths = (
				"$(DERIVED_FILE_DIR)/Pods-factorial-checkManifestLockResult.txt",
			);
			runOnlyForDeploymentPostprocessing = 0;
			shellPath = /bin/sh;
			shellScript = "diff \"${PODS_PODFILE_DIR_PATH}/Podfile.lock\" \"${PODS_ROOT}/Manifest.lock\" > /dev/null\nif [ $? != 0 ] ; then\n    # print error to STDERR\n    echo \"error: The sandbox is not in sync with the Podfile.lock. Run 'pod install' or update your CocoaPods installation.\" >&2\n    exit 1\nfi\n# This output is used by Xcode 'outputs' to avoid re-running this script phase.\necho \"SUCCESS\" > \"${SCRIPT_OUTPUT_FILE_0}\"\n";
			showEnvVarsInLog = 0;
		};
		B37ED35E6CDA552697492F55 /* [CP] Copy Pods Resources */ = {
			isa = PBXShellScriptBuildPhase;
			buildActionMask = 2147483647;
			files = (
			);
			inputPaths = (
			);
			name = "[CP] Copy Pods Resources";
			outputPaths = (
			);
			runOnlyForDeploymentPostprocessing = 0;
			shellPath = /bin/sh;
			shellScript = "\"${SRCROOT}/Pods/Target Support Files/Pods-factorial/Pods-factorial-resources.sh\"\n";
			showEnvVarsInLog = 0;
		};
		F57DEF2762817B07146CFD37 /* [CP] Embed Pods Frameworks */ = {
			isa = PBXShellScriptBuildPhase;
			buildActionMask = 2147483647;
			files = (
			);
			inputPaths = (
				"${SRCROOT}/Pods/Target Support Files/Pods-factorial/Pods-factorial-frameworks.sh",
				"${BUILT_PRODUCTS_DIR}/BigInt/BigInt.framework",
				"${BUILT_PRODUCTS_DIR}/SipHash/SipHash.framework",
			);
			name = "[CP] Embed Pods Frameworks";
			outputPaths = (
				"${TARGET_BUILD_DIR}/${FRAMEWORKS_FOLDER_PATH}/BigInt.framework",
				"${TARGET_BUILD_DIR}/${FRAMEWORKS_FOLDER_PATH}/SipHash.framework",
			);
			runOnlyForDeploymentPostprocessing = 0;
			shellPath = /bin/sh;
			shellScript = "\"${SRCROOT}/Pods/Target Support Files/Pods-factorial/Pods-factorial-frameworks.sh\"\n";
			showEnvVarsInLog = 0;
		};
/* End PBXShellScriptBuildPhase section */

/* Begin PBXSourcesBuildPhase section */
		2950E2A721082EE60097891A /* Sources */ = {
			isa = PBXSourcesBuildPhase;
			buildActionMask = 2147483647;
			files = (
				2950E2B121082EE60097891A /* ViewController.swift in Sources */,
				299CD308210830840078A269 /* factorial.swift in Sources */,
				2950E2AF21082EE60097891A /* AppDelegate.swift in Sources */,
			);
			runOnlyForDeploymentPostprocessing = 0;
		};
/* End PBXSourcesBuildPhase section */

/* Begin PBXVariantGroup section */
		2950E2B221082EE60097891A /* Main.storyboard */ = {
			isa = PBXVariantGroup;
			children = (
				2950E2B321082EE60097891A /* Base */,
			);
			name = Main.storyboard;
			sourceTree = "<group>";
		};
		2950E2B721082EE70097891A /* LaunchScreen.storyboard */ = {
			isa = PBXVariantGroup;
			children = (
				2950E2B821082EE70097891A /* Base */,
			);
			name = LaunchScreen.storyboard;
			sourceTree = "<group>";
		};
/* End PBXVariantGroup section */

/* Begin XCBuildConfiguration section */
		2950E2BB21082EE70097891A /* Debug */ = {
			isa = XCBuildConfiguration;
			buildSettings = {
				ALWAYS_SEARCH_USER_PATHS = NO;
				CLANG_ANALYZER_NONNULL = YES;
				CLANG_ANALYZER_NUMBER_OBJECT_CONVERSION = YES_AGGRESSIVE;
				CLANG_CXX_LANGUAGE_STANDARD = "gnu++14";
				CLANG_CXX_LIBRARY = "libc++";
				CLANG_ENABLE_MODULES = YES;
				CLANG_ENABLE_OBJC_ARC = YES;
				CLANG_ENABLE_OBJC_WEAK = YES;
				CLANG_WARN_BLOCK_CAPTURE_AUTORELEASING = YES;
				CLANG_WARN_BOOL_CONVERSION = YES;
				CLANG_WARN_COMMA = YES;
				CLANG_WARN_CONSTANT_CONVERSION = YES;
				CLANG_WARN_DEPRECATED_OBJC_IMPLEMENTATIONS = YES;
				CLANG_WARN_DIRECT_OBJC_ISA_USAGE = YES_ERROR;
				CLANG_WARN_DOCUMENTATION_COMMENTS = YES;
				CLANG_WARN_EMPTY_BODY = YES;
				CLANG_WARN_ENUM_CONVERSION = YES;
				CLANG_WARN_INFINITE_RECURSION = YES;
				CLANG_WARN_INT_CONVERSION = YES;
				CLANG_WARN_NON_LITERAL_NULL_CONVERSION = YES;
				CLANG_WARN_OBJC_IMPLICIT_RETAIN_SELF = YES;
				CLANG_WARN_OBJC_LITERAL_CONVERSION = YES;
				CLANG_WARN_OBJC_ROOT_CLASS = YES_ERROR;
				CLANG_WARN_RANGE_LOOP_ANALYSIS = YES;
				CLANG_WARN_STRICT_PROTOTYPES = YES;
				CLANG_WARN_SUSPICIOUS_MOVE = YES;
				CLANG_WARN_UNGUARDED_AVAILABILITY = YES_AGGRESSIVE;
				CLANG_WARN_UNREACHABLE_CODE = YES;
				CLANG_WARN__DUPLICATE_METHOD_MATCH = YES;
				CODE_SIGN_IDENTITY = "iPhone Developer";
				COPY_PHASE_STRIP = NO;
				DEBUG_INFORMATION_FORMAT = dwarf;
				ENABLE_STRICT_OBJC_MSGSEND = YES;
				ENABLE_TESTABILITY = YES;
				GCC_C_LANGUAGE_STANDARD = gnu11;
				GCC_DYNAMIC_NO_PIC = NO;
				GCC_NO_COMMON_BLOCKS = YES;
				GCC_OPTIMIZATION_LEVEL = 0;
				GCC_PREPROCESSOR_DEFINITIONS = (
					"DEBUG=1",
					"$(inherited)",
				);
				GCC_WARN_64_TO_32_BIT_CONVERSION = YES;
				GCC_WARN_ABOUT_RETURN_TYPE = YES_ERROR;
				GCC_WARN_UNDECLARED_SELECTOR = YES;
				GCC_WARN_UNINITIALIZED_AUTOS = YES_AGGRESSIVE;
				GCC_WARN_UNUSED_FUNCTION = YES;
				GCC_WARN_UNUSED_VARIABLE = YES;
				IPHONEOS_DEPLOYMENT_TARGET = 11.4;
				MTL_ENABLE_DEBUG_INFO = YES;
				ONLY_ACTIVE_ARCH = YES;
				SDKROOT = iphoneos;
				SWIFT_ACTIVE_COMPILATION_CONDITIONS = DEBUG;
				SWIFT_OPTIMIZATION_LEVEL = "-Onone";
			};
			name = Debug;
		};
		2950E2BC21082EE70097891A /* Release */ = {
			isa = XCBuildConfiguration;
			buildSettings = {
				ALWAYS_SEARCH_USER_PATHS = NO;
				CLANG_ANALYZER_NONNULL = YES;
				CLANG_ANALYZER_NUMBER_OBJECT_CONVERSION = YES_AGGRESSIVE;
				CLANG_CXX_LANGUAGE_STANDARD = "gnu++14";
				CLANG_CXX_LIBRARY = "libc++";
				CLANG_ENABLE_MODULES = YES;
				CLANG_ENABLE_OBJC_ARC = YES;
				CLANG_ENABLE_OBJC_WEAK = YES;
				CLANG_WARN_BLOCK_CAPTURE_AUTORELEASING = YES;
				CLANG_WARN_BOOL_CONVERSION = YES;
				CLANG_WARN_COMMA = YES;
				CLANG_WARN_CONSTANT_CONVERSION = YES;
				CLANG_WARN_DEPRECATED_OBJC_IMPLEMENTATIONS = YES;
				CLANG_WARN_DIRECT_OBJC_ISA_USAGE = YES_ERROR;
				CLANG_WARN_DOCUMENTATION_COMMENTS = YES;
				CLANG_WARN_EMPTY_BODY = YES;
				CLANG_WARN_ENUM_CONVERSION = YES;
				CLANG_WARN_INFINITE_RECURSION = YES;
				CLANG_WARN_INT_CONVERSION = YES;
				CLANG_WARN_NON_LITERAL_NULL_CONVERSION = YES;
				CLANG_WARN_OBJC_IMPLICIT_RETAIN_SELF = YES;
				CLANG_WARN_OBJC_LITERAL_CONVERSION = YES;
				CLANG_WARN_OBJC_ROOT_CLASS = YES_ERROR;
				CLANG_WARN_RANGE_LOOP_ANALYSIS = YES;
				CLANG_WARN_STRICT_PROTOTYPES = YES;
				CLANG_WARN_SUSPICIOUS_MOVE = YES;
				CLANG_WARN_UNGUARDED_AVAILABILITY = YES_AGGRESSIVE;
				CLANG_WARN_UNREACHABLE_CODE = YES;
				CLANG_WARN__DUPLICATE_METHOD_MATCH = YES;
				CODE_SIGN_IDENTITY = "iPhone Developer";
				COPY_PHASE_STRIP = NO;
				DEBUG_INFORMATION_FORMAT = "dwarf-with-dsym";
				ENABLE_NS_ASSERTIONS = NO;
				ENABLE_STRICT_OBJC_MSGSEND = YES;
				GCC_C_LANGUAGE_STANDARD = gnu11;
				GCC_NO_COMMON_BLOCKS = YES;
				GCC_WARN_64_TO_32_BIT_CONVERSION = YES;
				GCC_WARN_ABOUT_RETURN_TYPE = YES_ERROR;
				GCC_WARN_UNDECLARED_SELECTOR = YES;
				GCC_WARN_UNINITIALIZED_AUTOS = YES_AGGRESSIVE;
				GCC_WARN_UNUSED_FUNCTION = YES;
				GCC_WARN_UNUSED_VARIABLE = YES;
				IPHONEOS_DEPLOYMENT_TARGET = 11.4;
				MTL_ENABLE_DEBUG_INFO = NO;
				SDKROOT = iphoneos;
				SWIFT_COMPILATION_MODE = wholemodule;
				SWIFT_OPTIMIZATION_LEVEL = "-O";
				VALIDATE_PRODUCT = YES;
			};
			name = Release;
		};
		2950E2BE21082EE70097891A /* Debug */ = {
			isa = XCBuildConfiguration;
			baseConfigurationReference = 7C09C0CCF1881B6809777A1C /* Pods-factorial.debug.xcconfig */;
			buildSettings = {
				ASSETCATALOG_COMPILER_APPICON_NAME = AppIcon;
				CODE_SIGN_STYLE = Automatic;
				DEVELOPMENT_TEAM = F37TC6TS67;
				INFOPLIST_FILE = factorial/Info.plist;
				LD_RUNPATH_SEARCH_PATHS = (
					"$(inherited)",
					"@executable_path/Frameworks",
				);
				PRODUCT_BUNDLE_IDENTIFIER = factorial11.factorial;
				PRODUCT_NAME = "$(TARGET_NAME)";
				SWIFT_VERSION = 4.0;
				TARGETED_DEVICE_FAMILY = "1,2";
			};
			name = Debug;
		};
		2950E2BF21082EE70097891A /* Release */ = {
			isa = XCBuildConfiguration;
			baseConfigurationReference = 9B1AB9BBA48B2FC889906D4B /* Pods-factorial.release.xcconfig */;
			buildSettings = {
				ASSETCATALOG_COMPILER_APPICON_NAME = AppIcon;
				CODE_SIGN_STYLE = Automatic;
				DEVELOPMENT_TEAM = F37TC6TS67;
				INFOPLIST_FILE = factorial/Info.plist;
				LD_RUNPATH_SEARCH_PATHS = (
					"$(inherited)",
					"@executable_path/Frameworks",
				);
				PRODUCT_BUNDLE_IDENTIFIER = factorial11.factorial;
				PRODUCT_NAME = "$(TARGET_NAME)";
				SWIFT_VERSION = 4.0;
				TARGETED_DEVICE_FAMILY = "1,2";
			};
			name = Release;
		};
/* End XCBuildConfiguration section */

/* Begin XCConfigurationList section */
		2950E2A621082EE60097891A /* Build configuration list for PBXProject "factorial" */ = {
			isa = XCConfigurationList;
			buildConfigurations = (
				2950E2BB21082EE70097891A /* Debug */,
				2950E2BC21082EE70097891A /* Release */,
			);
			defaultConfigurationIsVisible = 0;
			defaultConfigurationName = Release;
		};
		2950E2BD21082EE70097891A /* Build configuration list for PBXNativeTarget "factorial" */ = {
			isa = XCConfigurationList;
			buildConfigurations = (
				2950E2BE21082EE70097891A /* Debug */,
				2950E2BF21082EE70097891A /* Release */,
			);
			defaultConfigurationIsVisible = 0;
			defaultConfigurationName = Release;
		};
/* End XCConfigurationList section */
	};
	rootObject = 2950E2A321082EE60097891A /* Project object */;
}
